
Microsoft Visual Studio Solution File, Format Version 12.00
# Visual Studio Version 16
VisualStudioVersion = 16.0.33927.289
MinimumVisualStudioVersion = 10.0.40219.1
Project("{FAE04EC0-301F-11D3-BF4B-00C04F79EFBC}") = "DATN_LEVANLINH", "DATN_LEVANLINH\DATN_LEVANLINH.csproj", "{5F6AC8F3-6645-4225-B65F-4E41054469D5}"
EndProject
Global
	GlobalSection(SolutionConfigurationPlatforms) = preSolution
		Debug|Any CPU = Debug|Any CPU
		Release|Any CPU = Release|Any CPU
	EndGlobalSection
	GlobalSection(ProjectConfigurationPlatforms) = postSolution
		{5F6AC8F3-6645-4225-B65F-4E41054469D5}.Debug|Any CPU.ActiveCfg = Debug|Any CPU
		{5F6AC8F3-6645-4225-B65F-4E41054469D5}.Debug|Any CPU.Build.0 = Debug|Any CPU
		{5F6AC8F3-6645-4225-B65F-4E41054469D5}.Release|Any CPU.ActiveCfg = Release|Any CPU
		{5F6AC8F3-6645-4225-B65F-4E41054469D5}.Release|Any CPU.Build.0 = Release|Any CPU
	EndGlobalSection
	GlobalSection(SolutionProperties) = preSolution
		HideSolutionNode = FALSE
	EndGlobalSection
	GlobalSection(ExtensibilityGlobals) = postSolution
		SolutionGuid = {3C404542-B591-4E61-A8EF-205C155F0FE8}
	EndGlobalSection
EndGlobal
